{
    "version": 3,
    "terraform_version": "0.11.7",
    "serial": 4,
    "lineage": "fa9490f2-f968-825f-17a7-383a79694dde",
    "modules": [
        {
            "path": [
                "root"
            ],
            "outputs": {},
            "resources": {
                "aws_instance.web": {
                    "type": "aws_instance",
                    "depends_on": [
                        "aws_security_group.ssh-access",
                        "aws_security_group.web"
                    ],
                    "primary": {
                        "id": "i-026da231f50ec2434",
                        "attributes": {
                            "ami": "ami-628ad918",
                            "arn": "arn:aws:ec2:us-east-1:517962593955:instance/i-026da231f50ec2434",
                            "associate_public_ip_address": "true",
                            "availability_zone": "us-east-1b",
                            "cpu_core_count": "1",
                            "cpu_threads_per_core": "1",
                            "credit_specification.#": "1",
                            "credit_specification.0.cpu_credits": "standard",
                            "disable_api_termination": "false",
                            "ebs_block_device.#": "0",
                            "ebs_optimized": "false",
                            "ephemeral_block_device.#": "0",
                            "get_password_data": "false",
                            "iam_instance_profile": "",
                            "id": "i-026da231f50ec2434",
                            "instance_state": "running",
                            "instance_type": "t2.small",
                            "ipv6_addresses.#": "0",
                            "key_name": "colin-linux",
                            "monitoring": "false",
                            "network_interface.#": "0",
                            "network_interface_id": "eni-0dc314ea313dd3c2d",
                            "password_data": "",
                            "placement_group": "",
                            "primary_network_interface_id": "eni-0dc314ea313dd3c2d",
                            "private_dns": "ip-172-30-2-11.ec2.internal",
                            "private_ip": "172.30.2.11",
                            "public_dns": "",
                            "public_ip": "52.90.72.9",
                            "root_block_device.#": "1",
                            "root_block_device.0.delete_on_termination": "true",
                            "root_block_device.0.iops": "100",
                            "root_block_device.0.volume_id": "vol-063959f1de8d5225a",
                            "root_block_device.0.volume_size": "8",
                            "root_block_device.0.volume_type": "gp2",
                            "security_groups.#": "0",
                            "source_dest_check": "true",
                            "subnet_id": "subnet-88c99ed2",
                            "tags.%": "1",
                            "tags.service": "test",
                            "tenancy": "default",
                            "volume_tags.%": "0",
                            "vpc_security_group_ids.#": "3",
                            "vpc_security_group_ids.2452038676": "sg-0fbbe60e7070a41fa",
                            "vpc_security_group_ids.2555593926": "sg-077ccbd9baf25e3f5",
                            "vpc_security_group_ids.2768826281": "sg-72216e02"
                        },
                        "meta": {
                            "e2bfb730-ecaa-11e6-8f88-34363bc7c4c0": {
                                "create": 600000000000,
                                "delete": 1200000000000,
                                "update": 600000000000
                            },
                            "schema_version": "1"
                        },
                        "tainted": false
                    },
                    "deposed": [],
                    "provider": "provider.aws"
                },
                "aws_security_group.ssh-access": {
                    "type": "aws_security_group",
                    "depends_on": [],
                    "primary": {
                        "id": "sg-0fbbe60e7070a41fa",
                        "attributes": {
                            "arn": "arn:aws:ec2:us-east-1:517962593955:security-group/sg-0fbbe60e7070a41fa",
                            "description": "allow access to ssh",
                            "egress.#": "0",
                            "id": "sg-0fbbe60e7070a41fa",
                            "ingress.#": "1",
                            "ingress.3133976917.cidr_blocks.#": "1",
                            "ingress.3133976917.cidr_blocks.0": "82.22.195.234/32",
                            "ingress.3133976917.description": "",
                            "ingress.3133976917.from_port": "22",
                            "ingress.3133976917.ipv6_cidr_blocks.#": "0",
                            "ingress.3133976917.protocol": "TCP",
                            "ingress.3133976917.security_groups.#": "0",
                            "ingress.3133976917.self": "false",
                            "ingress.3133976917.to_port": "22",
                            "name": "dev ssh access",
                            "owner_id": "517962593955",
                            "revoke_rules_on_delete": "false",
                            "tags.%": "1",
                            "tags.Name": "ssh-access",
                            "vpc_id": "vpc-568eb92f"
                        },
                        "meta": {
                            "e2bfb730-ecaa-11e6-8f88-34363bc7c4c0": {
                                "create": 600000000000,
                                "delete": 600000000000
                            },
                            "schema_version": "1"
                        },
                        "tainted": false
                    },
                    "deposed": [],
                    "provider": "provider.aws"
                },
                "aws_security_group.web": {
                    "type": "aws_security_group",
                    "depends_on": [],
                    "primary": {
                        "id": "sg-077ccbd9baf25e3f5",
                        "attributes": {
                            "arn": "arn:aws:ec2:us-east-1:517962593955:security-group/sg-077ccbd9baf25e3f5",
                            "description": "web security group",
                            "egress.#": "0",
                            "id": "sg-077ccbd9baf25e3f5",
                            "ingress.#": "2",
                            "ingress.2214680975.cidr_blocks.#": "1",
                            "ingress.2214680975.cidr_blocks.0": "0.0.0.0/0",
                            "ingress.2214680975.description": "",
                            "ingress.2214680975.from_port": "80",
                            "ingress.2214680975.ipv6_cidr_blocks.#": "0",
                            "ingress.2214680975.protocol": "TCP",
                            "ingress.2214680975.security_groups.#": "0",
                            "ingress.2214680975.self": "false",
                            "ingress.2214680975.to_port": "80",
                            "ingress.2617001939.cidr_blocks.#": "1",
                            "ingress.2617001939.cidr_blocks.0": "0.0.0.0/0",
                            "ingress.2617001939.description": "",
                            "ingress.2617001939.from_port": "443",
                            "ingress.2617001939.ipv6_cidr_blocks.#": "0",
                            "ingress.2617001939.protocol": "TCP",
                            "ingress.2617001939.security_groups.#": "0",
                            "ingress.2617001939.self": "false",
                            "ingress.2617001939.to_port": "443",
                            "name": "web",
                            "owner_id": "517962593955",
                            "revoke_rules_on_delete": "false",
                            "tags.%": "0",
                            "vpc_id": "vpc-568eb92f"
                        },
                        "meta": {
                            "e2bfb730-ecaa-11e6-8f88-34363bc7c4c0": {
                                "create": 600000000000,
                                "delete": 600000000000
                            },
                            "schema_version": "1"
                        },
                        "tainted": false
                    },
                    "deposed": [],
                    "provider": "provider.aws"
                }
            },
            "depends_on": []
        }
    ]
}
